
Microsoft Visual Studio Solution File, Format Version 12.00
# Visual Studio Version 16
VisualStudioVersion = 16.0.28803.156
MinimumVisualStudioVersion = 15.0.26124.0
Project("{9A19103F-16F7-4668-BE54-9A1E7A4F7556}") = "Domain", "Src\Domain\Domain.csproj", "{E7A2CB21-7F91-49F6-B9DE-1FDA36E01C51}"
EndProject
Project("{9A19103F-16F7-4668-BE54-9A1E7A4F7556}") = "Core", "Src\Core\Core.csproj", "{7835028C-4DAF-4854-83E2-DE56D140F518}"
EndProject
Project("{9A19103F-16F7-4668-BE54-9A1E7A4F7556}") = "Infrastructure", "Src\Infrastructure\Infrastructure.csproj", "{FB426A27-7B21-400B-A442-920789EC5503}"
EndProject
Project("{9A19103F-16F7-4668-BE54-9A1E7A4F7556}") = "WebApi", "Src\WebApi\WebApi.csproj", "{9D968E0A-F2DC-4DF9-A19C-463575778F61}"
EndProject
Project("{9A19103F-16F7-4668-BE54-9A1E7A4F7556}") = "SpotifyImporter", "Src\SpotifyImporter\SpotifyImporter.csproj", "{39A96E25-4202-416C-B546-0C35E6AB6258}"
EndProject
Project("{2150E333-8FDC-42A3-9474-1A3956D46DE8}") = "Tests", "Tests", "{9BEE677A-1C7B-450F-B9F3-0A6FB89F5A83}"
EndProject
Project("{FAE04EC0-301F-11D3-BF4B-00C04F79EFBC}") = "UnitTests", "UnitTests\UnitTests.csproj", "{23AEB69C-ED5C-4B6D-B8A9-ED09C5FC7F81}"
EndProject
Project("{FAE04EC0-301F-11D3-BF4B-00C04F79EFBC}") = "IntegrationTests", "IntegrationTests\IntegrationTests.csproj", "{84F8859E-14F6-4D39-8A49-93F233094D56}"
EndProject
Global
	GlobalSection(SolutionConfigurationPlatforms) = preSolution
		Debug|Any CPU = Debug|Any CPU
		Debug|x64 = Debug|x64
		Debug|x86 = Debug|x86
		Release|Any CPU = Release|Any CPU
		Release|x64 = Release|x64
		Release|x86 = Release|x86
	EndGlobalSection
	GlobalSection(ProjectConfigurationPlatforms) = postSolution
		{E7A2CB21-7F91-49F6-B9DE-1FDA36E01C51}.Debug|Any CPU.ActiveCfg = Debug|Any CPU
		{E7A2CB21-7F91-49F6-B9DE-1FDA36E01C51}.Debug|Any CPU.Build.0 = Debug|Any CPU
		{E7A2CB21-7F91-49F6-B9DE-1FDA36E01C51}.Debug|x64.ActiveCfg = Debug|Any CPU
		{E7A2CB21-7F91-49F6-B9DE-1FDA36E01C51}.Debug|x64.Build.0 = Debug|Any CPU
		{E7A2CB21-7F91-49F6-B9DE-1FDA36E01C51}.Debug|x86.ActiveCfg = Debug|Any CPU
		{E7A2CB21-7F91-49F6-B9DE-1FDA36E01C51}.Debug|x86.Build.0 = Debug|Any CPU
		{E7A2CB21-7F91-49F6-B9DE-1FDA36E01C51}.Release|Any CPU.ActiveCfg = Release|Any CPU
		{E7A2CB21-7F91-49F6-B9DE-1FDA36E01C51}.Release|Any CPU.Build.0 = Release|Any CPU
		{E7A2CB21-7F91-49F6-B9DE-1FDA36E01C51}.Release|x64.ActiveCfg = Release|Any CPU
		{E7A2CB21-7F91-49F6-B9DE-1FDA36E01C51}.Release|x64.Build.0 = Release|Any CPU
		{E7A2CB21-7F91-49F6-B9DE-1FDA36E01C51}.Release|x86.ActiveCfg = Release|Any CPU
		{E7A2CB21-7F91-49F6-B9DE-1FDA36E01C51}.Release|x86.Build.0 = Release|Any CPU
		{7835028C-4DAF-4854-83E2-DE56D140F518}.Debug|Any CPU.ActiveCfg = Debug|Any CPU
		{7835028C-4DAF-4854-83E2-DE56D140F518}.Debug|Any CPU.Build.0 = Debug|Any CPU
		{7835028C-4DAF-4854-83E2-DE56D140F518}.Debug|x64.ActiveCfg = Debug|Any CPU
		{7835028C-4DAF-4854-83E2-DE56D140F518}.Debug|x64.Build.0 = Debug|Any CPU
		{7835028C-4DAF-4854-83E2-DE56D140F518}.Debug|x86.ActiveCfg = Debug|Any CPU
		{7835028C-4DAF-4854-83E2-DE56D140F518}.Debug|x86.Build.0 = Debug|Any CPU
		{7835028C-4DAF-4854-83E2-DE56D140F518}.Release|Any CPU.ActiveCfg = Release|Any CPU
		{7835028C-4DAF-4854-83E2-DE56D140F518}.Release|Any CPU.Build.0 = Release|Any CPU
		{7835028C-4DAF-4854-83E2-DE56D140F518}.Release|x64.ActiveCfg = Release|Any CPU
		{7835028C-4DAF-4854-83E2-DE56D140F518}.Release|x64.Build.0 = Release|Any CPU
		{7835028C-4DAF-4854-83E2-DE56D140F518}.Release|x86.ActiveCfg = Release|Any CPU
		{7835028C-4DAF-4854-83E2-DE56D140F518}.Release|x86.Build.0 = Release|Any CPU
		{FB426A27-7B21-400B-A442-920789EC5503}.Debug|Any CPU.ActiveCfg = Debug|Any CPU
		{FB426A27-7B21-400B-A442-920789EC5503}.Debug|Any CPU.Build.0 = Debug|Any CPU
		{FB426A27-7B21-400B-A442-920789EC5503}.Debug|x64.ActiveCfg = Debug|Any CPU
		{FB426A27-7B21-400B-A442-920789EC5503}.Debug|x64.Build.0 = Debug|Any CPU
		{FB426A27-7B21-400B-A442-920789EC5503}.Debug|x86.ActiveCfg = Debug|Any CPU
		{FB426A27-7B21-400B-A442-920789EC5503}.Debug|x86.Build.0 = Debug|Any CPU
		{FB426A27-7B21-400B-A442-920789EC5503}.Release|Any CPU.ActiveCfg = Release|Any CPU
		{FB426A27-7B21-400B-A442-920789EC5503}.Release|Any CPU.Build.0 = Release|Any CPU
		{FB426A27-7B21-400B-A442-920789EC5503}.Release|x64.ActiveCfg = Release|Any CPU
		{FB426A27-7B21-400B-A442-920789EC5503}.Release|x64.Build.0 = Release|Any CPU
		{FB426A27-7B21-400B-A442-920789EC5503}.Release|x86.ActiveCfg = Release|Any CPU
		{FB426A27-7B21-400B-A442-920789EC5503}.Release|x86.Build.0 = Release|Any CPU
		{9D968E0A-F2DC-4DF9-A19C-463575778F61}.Debug|Any CPU.ActiveCfg = Debug|Any CPU
		{9D968E0A-F2DC-4DF9-A19C-463575778F61}.Debug|Any CPU.Build.0 = Debug|Any CPU
		{9D968E0A-F2DC-4DF9-A19C-463575778F61}.Debug|x64.ActiveCfg = Debug|Any CPU
		{9D968E0A-F2DC-4DF9-A19C-463575778F61}.Debug|x64.Build.0 = Debug|Any CPU
		{9D968E0A-F2DC-4DF9-A19C-463575778F61}.Debug|x86.ActiveCfg = Debug|Any CPU
		{9D968E0A-F2DC-4DF9-A19C-463575778F61}.Debug|x86.Build.0 = Debug|Any CPU
		{9D968E0A-F2DC-4DF9-A19C-463575778F61}.Release|Any CPU.ActiveCfg = Release|Any CPU
		{9D968E0A-F2DC-4DF9-A19C-463575778F61}.Release|Any CPU.Build.0 = Release|Any CPU
		{9D968E0A-F2DC-4DF9-A19C-463575778F61}.Release|x64.ActiveCfg = Release|Any CPU
		{9D968E0A-F2DC-4DF9-A19C-463575778F61}.Release|x64.Build.0 = Release|Any CPU
		{9D968E0A-F2DC-4DF9-A19C-463575778F61}.Release|x86.ActiveCfg = Release|Any CPU
		{9D968E0A-F2DC-4DF9-A19C-463575778F61}.Release|x86.Build.0 = Release|Any CPU
		{39A96E25-4202-416C-B546-0C35E6AB6258}.Debug|Any CPU.ActiveCfg = Debug|Any CPU
		{39A96E25-4202-416C-B546-0C35E6AB6258}.Debug|Any CPU.Build.0 = Debug|Any CPU
		{39A96E25-4202-416C-B546-0C35E6AB6258}.Debug|x64.ActiveCfg = Debug|Any CPU
		{39A96E25-4202-416C-B546-0C35E6AB6258}.Debug|x64.Build.0 = Debug|Any CPU
		{39A96E25-4202-416C-B546-0C35E6AB6258}.Debug|x86.ActiveCfg = Debug|Any CPU
		{39A96E25-4202-416C-B546-0C35E6AB6258}.Debug|x86.Build.0 = Debug|Any CPU
		{39A96E25-4202-416C-B546-0C35E6AB6258}.Release|Any CPU.ActiveCfg = Release|Any CPU
		{39A96E25-4202-416C-B546-0C35E6AB6258}.Release|Any CPU.Build.0 = Release|Any CPU
		{39A96E25-4202-416C-B546-0C35E6AB6258}.Release|x64.ActiveCfg = Release|Any CPU
		{39A96E25-4202-416C-B546-0C35E6AB6258}.Release|x64.Build.0 = Release|Any CPU
		{39A96E25-4202-416C-B546-0C35E6AB6258}.Release|x86.ActiveCfg = Release|Any CPU
		{39A96E25-4202-416C-B546-0C35E6AB6258}.Release|x86.Build.0 = Release|Any CPU
		{23AEB69C-ED5C-4B6D-B8A9-ED09C5FC7F81}.Debug|Any CPU.ActiveCfg = Debug|Any CPU
		{23AEB69C-ED5C-4B6D-B8A9-ED09C5FC7F81}.Debug|Any CPU.Build.0 = Debug|Any CPU
		{23AEB69C-ED5C-4B6D-B8A9-ED09C5FC7F81}.Debug|x64.ActiveCfg = Debug|Any CPU
		{23AEB69C-ED5C-4B6D-B8A9-ED09C5FC7F81}.Debug|x64.Build.0 = Debug|Any CPU
		{23AEB69C-ED5C-4B6D-B8A9-ED09C5FC7F81}.Debug|x86.ActiveCfg = Debug|Any CPU
		{23AEB69C-ED5C-4B6D-B8A9-ED09C5FC7F81}.Debug|x86.Build.0 = Debug|Any CPU
		{23AEB69C-ED5C-4B6D-B8A9-ED09C5FC7F81}.Release|Any CPU.ActiveCfg = Release|Any CPU
		{23AEB69C-ED5C-4B6D-B8A9-ED09C5FC7F81}.Release|Any CPU.Build.0 = Release|Any CPU
		{23AEB69C-ED5C-4B6D-B8A9-ED09C5FC7F81}.Release|x64.ActiveCfg = Release|Any CPU
		{23AEB69C-ED5C-4B6D-B8A9-ED09C5FC7F81}.Release|x64.Build.0 = Release|Any CPU
		{23AEB69C-ED5C-4B6D-B8A9-ED09C5FC7F81}.Release|x86.ActiveCfg = Release|Any CPU
		{23AEB69C-ED5C-4B6D-B8A9-ED09C5FC7F81}.Release|x86.Build.0 = Release|Any CPU
		{84F8859E-14F6-4D39-8A49-93F233094D56}.Debug|Any CPU.ActiveCfg = Debug|Any CPU
		{84F8859E-14F6-4D39-8A49-93F233094D56}.Debug|Any CPU.Build.0 = Debug|Any CPU
		{84F8859E-14F6-4D39-8A49-93F233094D56}.Debug|x64.ActiveCfg = Debug|Any CPU
		{84F8859E-14F6-4D39-8A49-93F233094D56}.Debug|x64.Build.0 = Debug|Any CPU
		{84F8859E-14F6-4D39-8A49-93F233094D56}.Debug|x86.ActiveCfg = Debug|Any CPU
		{84F8859E-14F6-4D39-8A49-93F233094D56}.Debug|x86.Build.0 = Debug|Any CPU
		{84F8859E-14F6-4D39-8A49-93F233094D56}.Release|Any CPU.ActiveCfg = Release|Any CPU
		{84F8859E-14F6-4D39-8A49-93F233094D56}.Release|Any CPU.Build.0 = Release|Any CPU
		{84F8859E-14F6-4D39-8A49-93F233094D56}.Release|x64.ActiveCfg = Release|Any CPU
		{84F8859E-14F6-4D39-8A49-93F233094D56}.Release|x64.Build.0 = Release|Any CPU
		{84F8859E-14F6-4D39-8A49-93F233094D56}.Release|x86.ActiveCfg = Release|Any CPU
		{84F8859E-14F6-4D39-8A49-93F233094D56}.Release|x86.Build.0 = Release|Any CPU
	EndGlobalSection
	GlobalSection(SolutionProperties) = preSolution
		HideSolutionNode = FALSE
	EndGlobalSection
	GlobalSection(NestedProjects) = preSolution
		{23AEB69C-ED5C-4B6D-B8A9-ED09C5FC7F81} = {9BEE677A-1C7B-450F-B9F3-0A6FB89F5A83}
		{84F8859E-14F6-4D39-8A49-93F233094D56} = {9BEE677A-1C7B-450F-B9F3-0A6FB89F5A83}
	EndGlobalSection
	GlobalSection(ExtensibilityGlobals) = postSolution
		SolutionGuid = {D5BE3AE0-168D-429A-BD75-03242CDAA39D}
	EndGlobalSection
EndGlobal
